
Microsoft Visual Studio Solution File, Format Version 12.00
# Visual Studio Version 16
VisualStudioVersion = 16.0.29424.173
MinimumVisualStudioVersion = 10.0.40219.1
Project("{FAE04EC0-301F-11D3-BF4B-00C04F79EFBC}") = "DayAndNight", "DayAndNight\DayAndNight.csproj", "{9C2B9A94-B011-4607-BD87-0A373BED70DF}"
EndProject
Global
	GlobalSection(SolutionConfigurationPlatforms) = preSolution
		Debug|Any CPU = Debug|Any CPU
		Release|Any CPU = Release|Any CPU
	EndGlobalSection
	GlobalSection(ProjectConfigurationPlatforms) = postSolution
		{9C2B9A94-B011-4607-BD87-0A373BED70DF}.Debug|Any CPU.ActiveCfg = Debug|Any CPU
		{9C2B9A94-B011-4607-BD87-0A373BED70DF}.Debug|Any CPU.Build.0 = Debug|Any CPU
		{9C2B9A94-B011-4607-BD87-0A373BED70DF}.Release|Any CPU.ActiveCfg = Release|Any CPU
		{9C2B9A94-B011-4607-BD87-0A373BED70DF}.Release|Any CPU.Build.0 = Release|Any CPU
	EndGlobalSection
	GlobalSection(SolutionProperties) = preSolution
		HideSolutionNode = FALSE
	EndGlobalSection
	GlobalSection(ExtensibilityGlobals) = postSolution
		SolutionGuid = {219AE273-B225-457C-9C9F-FC15D86C6B8C}
	EndGlobalSection
EndGlobal
